
Microsoft Visual Studio Solution File, Format Version 12.00
# Visual Studio Version 17
VisualStudioVersion = 17.1.32407.343
MinimumVisualStudioVersion = 10.0.40219.1
Project("{FAE04EC0-301F-11D3-BF4B-00C04F79EFBC}") = "ECommerce.Web", "ECommerce.Web\ECommerce.Web.csproj", "{A5455424-91A6-47B0-846A-8807054CD22D}"
EndProject
Project("{FAE04EC0-301F-11D3-BF4B-00C04F79EFBC}") = "ECommerce.Api", "ECommerce.Api\ECommerce.Api.csproj", "{EB1C169B-B5C7-4692-ADF5-64F69649F5FF}"
EndProject
Global
	GlobalSection(SolutionConfigurationPlatforms) = preSolution
		Debug|Any CPU = Debug|Any CPU
		Release|Any CPU = Release|Any CPU
	EndGlobalSection
	GlobalSection(ProjectConfigurationPlatforms) = postSolution
		{A5455424-91A6-47B0-846A-8807054CD22D}.Debug|Any CPU.ActiveCfg = Debug|Any CPU
		{A5455424-91A6-47B0-846A-8807054CD22D}.Debug|Any CPU.Build.0 = Debug|Any CPU
		{A5455424-91A6-47B0-846A-8807054CD22D}.Release|Any CPU.ActiveCfg = Release|Any CPU
		{A5455424-91A6-47B0-846A-8807054CD22D}.Release|Any CPU.Build.0 = Release|Any CPU
		{EB1C169B-B5C7-4692-ADF5-64F69649F5FF}.Debug|Any CPU.ActiveCfg = Debug|Any CPU
		{EB1C169B-B5C7-4692-ADF5-64F69649F5FF}.Debug|Any CPU.Build.0 = Debug|Any CPU
		{EB1C169B-B5C7-4692-ADF5-64F69649F5FF}.Release|Any CPU.ActiveCfg = Release|Any CPU
		{EB1C169B-B5C7-4692-ADF5-64F69649F5FF}.Release|Any CPU.Build.0 = Release|Any CPU
	EndGlobalSection
	GlobalSection(SolutionProperties) = preSolution
		HideSolutionNode = FALSE
	EndGlobalSection
	GlobalSection(ExtensibilityGlobals) = postSolution
		SolutionGuid = {FC0788D9-11A7-4252-A34D-69126A538860}
	EndGlobalSection
EndGlobal
